PODS:
  - CocoaAsyncSocket (7.6.5)
  - YJDLNA (0.1.1):
    - CocoaAsyncSocket

DEPENDENCIES:
  - YJDLNA (from `../`)

SPEC REPOS:
  https://github.com/CocoaPods/Specs.git:
    - CocoaAsyncSocket

EXTERNAL SOURCES:
  YJDLNA:
    :path: "../"

SPEC CHECKSUMS:
  CocoaAsyncSocket: 065fd1e645c7abab64f7a6a2007a48038fdc6a99
  YJDLNA: b03644157411817cf13657a1fe50068956d82ffb

PODFILE CHECKSUM: 7fe671e1be60e60d1fb7554f874bf4b30b87cc32

COCOAPODS: 1.16.2
